
Microsoft Visual Studio Solution File, Format Version 12.00
# Visual Studio Version 17
VisualStudioVersion = 17.1.32328.378
MinimumVisualStudioVersion = 10.0.40219.1
Project("{9A19103F-16F7-4668-BE54-9A1E7A4F7556}") = "Interfaces_and_Testability", "Interfaces_and_Testability.csproj", "{84D5FA39-1AB5-4E26-A114-C73F776CEF48}"
EndProject
Project("{FAE04EC0-301F-11D3-BF4B-00C04F79EFBC}") = "Testability_and_Interfaces.UnitTests", "..\Testability_and_Interfaces.UnitTests\Testability_and_Interfaces.UnitTests.csproj", "{EABE719E-3AC5-47F8-B194-F378F96C63F6}"
EndProject
Global
	GlobalSection(SolutionConfigurationPlatforms) = preSolution
		Debug|Any CPU = Debug|Any CPU
		Release|Any CPU = Release|Any CPU
	EndGlobalSection
	GlobalSection(ProjectConfigurationPlatforms) = postSolution
		{84D5FA39-1AB5-4E26-A114-C73F776CEF48}.Debug|Any CPU.ActiveCfg = Debug|Any CPU
		{84D5FA39-1AB5-4E26-A114-C73F776CEF48}.Debug|Any CPU.Build.0 = Debug|Any CPU
		{84D5FA39-1AB5-4E26-A114-C73F776CEF48}.Release|Any CPU.ActiveCfg = Release|Any CPU
		{84D5FA39-1AB5-4E26-A114-C73F776CEF48}.Release|Any CPU.Build.0 = Release|Any CPU
		{EABE719E-3AC5-47F8-B194-F378F96C63F6}.Debug|Any CPU.ActiveCfg = Debug|Any CPU
		{EABE719E-3AC5-47F8-B194-F378F96C63F6}.Debug|Any CPU.Build.0 = Debug|Any CPU
		{EABE719E-3AC5-47F8-B194-F378F96C63F6}.Release|Any CPU.ActiveCfg = Release|Any CPU
		{EABE719E-3AC5-47F8-B194-F378F96C63F6}.Release|Any CPU.Build.0 = Release|Any CPU
	EndGlobalSection
	GlobalSection(SolutionProperties) = preSolution
		HideSolutionNode = FALSE
	EndGlobalSection
	GlobalSection(ExtensibilityGlobals) = postSolution
		SolutionGuid = {A33FA9CB-33FB-4E81-A21B-A4387DB1D016}
	EndGlobalSection
EndGlobal
