
Microsoft Visual Studio Solution File, Format Version 12.00
# Visual Studio Version 17
VisualStudioVersion = 17.1.32328.378
MinimumVisualStudioVersion = 10.0.40219.1
Project("{FAE04EC0-301F-11D3-BF4B-00C04F79EFBC}") = "Inheritance", "Inheritance.csproj", "{B9B10FB9-ABAF-4C5E-96BE-B54FBD9822A0}"
EndProject
Global
	GlobalSection(SolutionConfigurationPlatforms) = preSolution
		Debug|Any CPU = Debug|Any CPU
		Release|Any CPU = Release|Any CPU
	EndGlobalSection
	GlobalSection(ProjectConfigurationPlatforms) = postSolution
		{B9B10FB9-ABAF-4C5E-96BE-B54FBD9822A0}.Debug|Any CPU.ActiveCfg = Debug|Any CPU
		{B9B10FB9-ABAF-4C5E-96BE-B54FBD9822A0}.Debug|Any CPU.Build.0 = Debug|Any CPU
		{B9B10FB9-ABAF-4C5E-96BE-B54FBD9822A0}.Release|Any CPU.ActiveCfg = Release|Any CPU
		{B9B10FB9-ABAF-4C5E-96BE-B54FBD9822A0}.Release|Any CPU.Build.0 = Release|Any CPU
	EndGlobalSection
	GlobalSection(SolutionProperties) = preSolution
		HideSolutionNode = FALSE
	EndGlobalSection
	GlobalSection(ExtensibilityGlobals) = postSolution
		SolutionGuid = {B206DEF5-A963-44BA-87D6-C98DC3A3B30A}
	EndGlobalSection
EndGlobal
