
Microsoft Visual Studio Solution File, Format Version 12.00
# Visual Studio Version 17
VisualStudioVersion = 17.1.32328.378
MinimumVisualStudioVersion = 10.0.40219.1
Project("{FAE04EC0-301F-11D3-BF4B-00C04F79EFBC}") = "Boxing_and_Unboxing", "Boxing_and_Unboxing.csproj", "{1C67C95B-610F-4019-925E-249333852E3D}"
EndProject
Global
	GlobalSection(SolutionConfigurationPlatforms) = preSolution
		Debug|Any CPU = Debug|Any CPU
		Release|Any CPU = Release|Any CPU
	EndGlobalSection
	GlobalSection(ProjectConfigurationPlatforms) = postSolution
		{1C67C95B-610F-4019-925E-249333852E3D}.Debug|Any CPU.ActiveCfg = Debug|Any CPU
		{1C67C95B-610F-4019-925E-249333852E3D}.Debug|Any CPU.Build.0 = Debug|Any CPU
		{1C67C95B-610F-4019-925E-249333852E3D}.Release|Any CPU.ActiveCfg = Release|Any CPU
		{1C67C95B-610F-4019-925E-249333852E3D}.Release|Any CPU.Build.0 = Release|Any CPU
	EndGlobalSection
	GlobalSection(SolutionProperties) = preSolution
		HideSolutionNode = FALSE
	EndGlobalSection
	GlobalSection(ExtensibilityGlobals) = postSolution
		SolutionGuid = {62E33761-8BE9-4AB5-B35A-1A5D2FC8D897}
	EndGlobalSection
EndGlobal
